// !$*UTF8*$!
{
	archiveVersion = 1;
	classes = {
	};
	objectVersion = 50;
	objects = {

/* Begin PBXBuildFile section */
		D70D125725665CBC00DE4ECF /* FeedService.m in Sources */ = {isa = PBXBuildFile; fileRef = D70D125625665CBC00DE4ECF /* FeedService.m */; };
		D70D1266256666B700DE4ECF /* RSXmlParser.m in Sources */ = {isa = PBXBuildFile; fileRef = D70D1265256666B700DE4ECF /* RSXmlParser.m */; };
		D723D95C2562E2FE003DF465 /* AppDelegate.m in Sources */ = {isa = PBXBuildFile; fileRef = D723D95B2562E2FE003DF465 /* AppDelegate.m */; };
		D723D9672562E304003DF465 /* Assets.xcassets in Resources */ = {isa = PBXBuildFile; fileRef = D723D9662562E304003DF465 /* Assets.xcassets */; };
		D723D96A2562E304003DF465 /* LaunchScreen.storyboard in Resources */ = {isa = PBXBuildFile; fileRef = D723D9682562E304003DF465 /* LaunchScreen.storyboard */; };
		D723D96D2562E304003DF465 /* main.m in Sources */ = {isa = PBXBuildFile; fileRef = D723D96C2562E304003DF465 /* main.m */; };
		D723D9AF2563C890003DF465 /* FeedListVC.m in Sources */ = {isa = PBXBuildFile; fileRef = D723D9AD2563C890003DF465 /* FeedListVC.m */; };
		D723D9B92563D2DC003DF465 /* Feeds.m in Sources */ = {isa = PBXBuildFile; fileRef = D723D9B82563D2DC003DF465 /* Feeds.m */; };
		D73C3C8B25658A9A0097261C /* FeedTableViewCell.m in Sources */ = {isa = PBXBuildFile; fileRef = D73C3C8925658A9A0097261C /* FeedTableViewCell.m */; };
		D73C3C8C25658A9A0097261C /* FeedTableViewCell.xib in Resources */ = {isa = PBXBuildFile; fileRef = D73C3C8A25658A9A0097261C /* FeedTableViewCell.xib */; };
		D7489EF925E42E5600E354A4 /* SelectedButtonsStateModel.m in Sources */ = {isa = PBXBuildFile; fileRef = D7489EF825E42E5600E354A4 /* SelectedButtonsStateModel.m */; };
		D756469825700E020074F03F /* NSXMLParser+SetDataWithDelegate.m in Sources */ = {isa = PBXBuildFile; fileRef = D756469725700E020074F03F /* NSXMLParser+SetDataWithDelegate.m */; };
		D75B3110256D1A5B009910B2 /* NSString+DateFormatter.m in Sources */ = {isa = PBXBuildFile; fileRef = D75B310F256D1A5B009910B2 /* NSString+DateFormatter.m */; };
		D76B96BA25B9DA130041E109 /* Localized.strings in Resources */ = {isa = PBXBuildFile; fileRef = D76B96B925B9DA130041E109 /* Localized.strings */; };
		D76D7618257A5EB7002E355F /* UIAlertController+CreateAlertController.m in Sources */ = {isa = PBXBuildFile; fileRef = D76D7617257A5EB7002E355F /* UIAlertController+CreateAlertController.m */; };
		D78243B425DAEEC200D3CED3 /* WebViewController.m in Sources */ = {isa = PBXBuildFile; fileRef = D78243B325DAEEC200D3CED3 /* WebViewController.m */; };
		D78243BA25DAF05900D3CED3 /* NSString+GetSubstringFromDescription.m in Sources */ = {isa = PBXBuildFile; fileRef = D78243B925DAF05900D3CED3 /* NSString+GetSubstringFromDescription.m */; };
		D789E13225640A2100AAE598 /* RSSReader.rtf in Resources */ = {isa = PBXBuildFile; fileRef = D789E13125640A2100AAE598 /* RSSReader.rtf */; };
/* End PBXBuildFile section */

/* Begin PBXFileReference section */
		D70D125525665CBC00DE4ECF /* FeedService.h */ = {isa = PBXFileReference; lastKnownFileType = sourcecode.c.h; path = FeedService.h; sourceTree = "<group>"; };
		D70D125625665CBC00DE4ECF /* FeedService.m */ = {isa = PBXFileReference; lastKnownFileType = sourcecode.c.objc; path = FeedService.m; sourceTree = "<group>"; };
		D70D1264256666B700DE4ECF /* RSXmlParser.h */ = {isa = PBXFileReference; lastKnownFileType = sourcecode.c.h; path = RSXmlParser.h; sourceTree = "<group>"; };
		D70D1265256666B700DE4ECF /* RSXmlParser.m */ = {isa = PBXFileReference; lastKnownFileType = sourcecode.c.objc; path = RSXmlParser.m; sourceTree = "<group>"; };
		D723D9572562E2FE003DF465 /* RSSReader.app */ = {isa = PBXFileReference; explicitFileType = wrapper.application; includeInIndex = 0; path = RSSReader.app; sourceTree = BUILT_PRODUCTS_DIR; };
		D723D95A2562E2FE003DF465 /* AppDelegate.h */ = {isa = PBXFileReference; lastKnownFileType = sourcecode.c.h; path = AppDelegate.h; sourceTree = "<group>"; };
		D723D95B2562E2FE003DF465 /* AppDelegate.m */ = {isa = PBXFileReference; lastKnownFileType = sourcecode.c.objc; path = AppDelegate.m; sourceTree = "<group>"; };
		D723D9662562E304003DF465 /* Assets.xcassets */ = {isa = PBXFileReference; lastKnownFileType = folder.assetcatalog; path = Assets.xcassets; sourceTree = "<group>"; };
		D723D9692562E304003DF465 /* Base */ = {isa = PBXFileReference; lastKnownFileType = file.storyboard; name = Base; path = Base.lproj/LaunchScreen.storyboard; sourceTree = "<group>"; };
		D723D96B2562E304003DF465 /* Info.plist */ = {isa = PBXFileReference; lastKnownFileType = text.plist.xml; path = Info.plist; sourceTree = "<group>"; };
		D723D96C2562E304003DF465 /* main.m */ = {isa = PBXFileReference; lastKnownFileType = sourcecode.c.objc; path = main.m; sourceTree = "<group>"; };
		D723D9AC2563C890003DF465 /* FeedListVC.h */ = {isa = PBXFileReference; lastKnownFileType = sourcecode.c.h; path = FeedListVC.h; sourceTree = "<group>"; };
		D723D9AD2563C890003DF465 /* FeedListVC.m */ = {isa = PBXFileReference; lastKnownFileType = sourcecode.c.objc; path = FeedListVC.m; sourceTree = "<group>"; };
		D723D9B72563D2DC003DF465 /* Feeds.h */ = {isa = PBXFileReference; lastKnownFileType = sourcecode.c.h; path = Feeds.h; sourceTree = "<group>"; };
		D723D9B82563D2DC003DF465 /* Feeds.m */ = {isa = PBXFileReference; lastKnownFileType = sourcecode.c.objc; path = Feeds.m; sourceTree = "<group>"; };
		D73C3C8825658A9A0097261C /* FeedTableViewCell.h */ = {isa = PBXFileReference; lastKnownFileType = sourcecode.c.h; path = FeedTableViewCell.h; sourceTree = "<group>"; };
		D73C3C8925658A9A0097261C /* FeedTableViewCell.m */ = {isa = PBXFileReference; lastKnownFileType = sourcecode.c.objc; path = FeedTableViewCell.m; sourceTree = "<group>"; };
		D73C3C8A25658A9A0097261C /* FeedTableViewCell.xib */ = {isa = PBXFileReference; lastKnownFileType = file.xib; path = FeedTableViewCell.xib; sourceTree = "<group>"; };
		D7489EF725E42E5600E354A4 /* SelectedButtonsStateModel.h */ = {isa = PBXFileReference; lastKnownFileType = sourcecode.c.h; path = SelectedButtonsStateModel.h; sourceTree = "<group>"; };
		D7489EF825E42E5600E354A4 /* SelectedButtonsStateModel.m */ = {isa = PBXFileReference; lastKnownFileType = sourcecode.c.objc; path = SelectedButtonsStateModel.m; sourceTree = "<group>"; };
		D756469525700DB20074F03F /* NSXMLParser+SetDataWithDelegate.h */ = {isa = PBXFileReference; lastKnownFileType = sourcecode.c.h; path = "NSXMLParser+SetDataWithDelegate.h"; sourceTree = "<group>"; };
		D756469725700E020074F03F /* NSXMLParser+SetDataWithDelegate.m */ = {isa = PBXFileReference; lastKnownFileType = sourcecode.c.objc; path = "NSXMLParser+SetDataWithDelegate.m"; sourceTree = "<group>"; };
		D75B310D256D19E6009910B2 /* NSString+DateFormatter.h */ = {isa = PBXFileReference; lastKnownFileType = sourcecode.c.h; path = "NSString+DateFormatter.h"; sourceTree = "<group>"; };
		D75B310F256D1A5B009910B2 /* NSString+DateFormatter.m */ = {isa = PBXFileReference; lastKnownFileType = sourcecode.c.objc; path = "NSString+DateFormatter.m"; sourceTree = "<group>"; };
		D75B3114256D618D009910B2 /* RSParserProtocol.h */ = {isa = PBXFileReference; lastKnownFileType = sourcecode.c.h; path = RSParserProtocol.h; sourceTree = "<group>"; };
		D76B96B925B9DA130041E109 /* Localized.strings */ = {isa = PBXFileReference; lastKnownFileType = text.plist.strings; path = Localized.strings; sourceTree = "<group>"; };
		D76D7616257A5EB7002E355F /* UIAlertController+CreateAlertController.h */ = {isa = PBXFileReference; lastKnownFileType = sourcecode.c.h; path = "UIAlertController+CreateAlertController.h"; sourceTree = "<group>"; };
		D76D7617257A5EB7002E355F /* UIAlertController+CreateAlertController.m */ = {isa = PBXFileReference; lastKnownFileType = sourcecode.c.objc; path = "UIAlertController+CreateAlertController.m"; sourceTree = "<group>"; };
		D78243B225DAEEC200D3CED3 /* WebViewController.h */ = {isa = PBXFileReference; lastKnownFileType = sourcecode.c.h; path = WebViewController.h; sourceTree = "<group>"; };
		D78243B325DAEEC200D3CED3 /* WebViewController.m */ = {isa = PBXFileReference; lastKnownFileType = sourcecode.c.objc; path = WebViewController.m; sourceTree = "<group>"; };
		D78243B825DAF05900D3CED3 /* NSString+GetSubstringFromDescription.h */ = {isa = PBXFileReference; lastKnownFileType = sourcecode.c.h; path = "NSString+GetSubstringFromDescription.h"; sourceTree = "<group>"; };
		D78243B925DAF05900D3CED3 /* NSString+GetSubstringFromDescription.m */ = {isa = PBXFileReference; lastKnownFileType = sourcecode.c.objc; path = "NSString+GetSubstringFromDescription.m"; sourceTree = "<group>"; };
		D789E13125640A2100AAE598 /* RSSReader.rtf */ = {isa = PBXFileReference; fileEncoding = 4; lastKnownFileType = text.rtf; path = RSSReader.rtf; sourceTree = "<group>"; };
/* End PBXFileReference section */

/* Begin PBXFrameworksBuildPhase section */
		D723D9542562E2FE003DF465 /* Frameworks */ = {
			isa = PBXFrameworksBuildPhase;
			buildActionMask = 2147483647;
			files = (
			);
			runOnlyForDeploymentPostprocessing = 0;
		};
/* End PBXFrameworksBuildPhase section */

/* Begin PBXGroup section */
		D70D125A25665CD800DE4ECF /* Services */ = {
			isa = PBXGroup;
			children = (
				D722DAD9256BEF00007FC3C3 /* LoadDataFromURL */,
			);
			path = Services;
			sourceTree = "<group>";
		};
		D70D1261256665B700DE4ECF /* XMLParser */ = {
			isa = PBXGroup;
			children = (
				D75B3114256D618D009910B2 /* RSParserProtocol.h */,
				D70D1264256666B700DE4ECF /* RSXmlParser.h */,
				D70D1265256666B700DE4ECF /* RSXmlParser.m */,
			);
			path = XMLParser;
			sourceTree = "<group>";
		};
		D722DAD3256BEE8A007FC3C3 /* FeedTableViewCell */ = {
			isa = PBXGroup;
			children = (
				D73C3C8825658A9A0097261C /* FeedTableViewCell.h */,
				D73C3C8925658A9A0097261C /* FeedTableViewCell.m */,
				D73C3C8A25658A9A0097261C /* FeedTableViewCell.xib */,
			);
			path = FeedTableViewCell;
			sourceTree = "<group>";
		};
		D722DAD5256BEEB3007FC3C3 /* FeedsModel */ = {
			isa = PBXGroup;
			children = (
				D723D9B72563D2DC003DF465 /* Feeds.h */,
				D723D9B82563D2DC003DF465 /* Feeds.m */,
			);
			path = FeedsModel;
			sourceTree = "<group>";
		};
		D722DAD7256BEEC6007FC3C3 /* FeedsTableViewVC */ = {
			isa = PBXGroup;
			children = (
				D723D9AC2563C890003DF465 /* FeedListVC.h */,
				D723D9AD2563C890003DF465 /* FeedListVC.m */,
			);
			path = FeedsTableViewVC;
			sourceTree = "<group>";
		};
		D722DAD9256BEF00007FC3C3 /* LoadDataFromURL */ = {
			isa = PBXGroup;
			children = (
				D70D125525665CBC00DE4ECF /* FeedService.h */,
				D70D125625665CBC00DE4ECF /* FeedService.m */,
			);
			path = LoadDataFromURL;
			sourceTree = "<group>";
		};
		D723D94E2562E2FE003DF465 = {
			isa = PBXGroup;
			children = (
				D723D9592562E2FE003DF465 /* RSSReader */,
				D75B30FC256D0EB5009910B2 /* Categories */,
				D723D9582562E2FE003DF465 /* Products */,
			);
			sourceTree = "<group>";
		};
		D723D9582562E2FE003DF465 /* Products */ = {
			isa = PBXGroup;
			children = (
				D723D9572562E2FE003DF465 /* RSSReader.app */,
			);
			name = Products;
			sourceTree = "<group>";
		};
		D723D9592562E2FE003DF465 /* RSSReader */ = {
			isa = PBXGroup;
			children = (
				D73C3C0D25643D060097261C /* Task */,
				D723D9B22563CFAF003DF465 /* Support */,
				D70D1261256665B700DE4ECF /* XMLParser */,
				D70D125A25665CD800DE4ECF /* Services */,
				D723D9BD2563D2E5003DF465 /* Models */,
				D723D9B42563CFED003DF465 /* View Controllers */,
				D723D9B62563D009003DF465 /* Views */,
			);
			path = RSSReader;
			sourceTree = "<group>";
		};
		D723D9B22563CFAF003DF465 /* Support */ = {
			isa = PBXGroup;
			children = (
				D723D95A2562E2FE003DF465 /* AppDelegate.h */,
				D723D95B2562E2FE003DF465 /* AppDelegate.m */,
				D723D9662562E304003DF465 /* Assets.xcassets */,
				D723D9682562E304003DF465 /* LaunchScreen.storyboard */,
				D723D96B2562E304003DF465 /* Info.plist */,
				D723D96C2562E304003DF465 /* main.m */,
				D76B96B925B9DA130041E109 /* Localized.strings */,
			);
			path = Support;
			sourceTree = "<group>";
		};
		D723D9B42563CFED003DF465 /* View Controllers */ = {
			isa = PBXGroup;
			children = (
				D722DAD7256BEEC6007FC3C3 /* FeedsTableViewVC */,
				D78243B625DAEECD00D3CED3 /* WebViewController */,
			);
			path = "View Controllers";
			sourceTree = "<group>";
		};
		D723D9B62563D009003DF465 /* Views */ = {
			isa = PBXGroup;
			children = (
				D722DAD3256BEE8A007FC3C3 /* FeedTableViewCell */,
			);
			path = Views;
			sourceTree = "<group>";
		};
		D723D9BD2563D2E5003DF465 /* Models */ = {
			isa = PBXGroup;
			children = (
				D722DAD5256BEEB3007FC3C3 /* FeedsModel */,
				D7489EFB25E42E6100E354A4 /* SelectedButtonsModel */,
			);
			path = Models;
			sourceTree = "<group>";
		};
		D73C3C0D25643D060097261C /* Task */ = {
			isa = PBXGroup;
			children = (
				D789E13125640A2100AAE598 /* RSSReader.rtf */,
			);
			path = Task;
			sourceTree = "<group>";
		};
		D7489EFB25E42E6100E354A4 /* SelectedButtonsModel */ = {
			isa = PBXGroup;
			children = (
				D7489EF725E42E5600E354A4 /* SelectedButtonsStateModel.h */,
				D7489EF825E42E5600E354A4 /* SelectedButtonsStateModel.m */,
			);
			path = SelectedButtonsModel;
			sourceTree = "<group>";
		};
		D756469225700B5D0074F03F /* NSDateFormatter */ = {
			isa = PBXGroup;
			children = (
				D75B310D256D19E6009910B2 /* NSString+DateFormatter.h */,
				D75B310F256D1A5B009910B2 /* NSString+DateFormatter.m */,
			);
			path = NSDateFormatter;
			sourceTree = "<group>";
		};
		D756469B257010500074F03F /* NSXMLParser */ = {
			isa = PBXGroup;
			children = (
				D756469525700DB20074F03F /* NSXMLParser+SetDataWithDelegate.h */,
				D756469725700E020074F03F /* NSXMLParser+SetDataWithDelegate.m */,
			);
			path = NSXMLParser;
			sourceTree = "<group>";
		};
		D75B30FC256D0EB5009910B2 /* Categories */ = {
			isa = PBXGroup;
			children = (
				D78243BC25DAF06100D3CED3 /* NSStringSubstring */,
				D76D761A257A5EBD002E355F /* UIAlertController */,
				D756469B257010500074F03F /* NSXMLParser */,
				D756469225700B5D0074F03F /* NSDateFormatter */,
			);
			path = Categories;
			sourceTree = "<group>";
		};
		D76D761A257A5EBD002E355F /* UIAlertController */ = {
			isa = PBXGroup;
			children = (
				D76D7616257A5EB7002E355F /* UIAlertController+CreateAlertController.h */,
				D76D7617257A5EB7002E355F /* UIAlertController+CreateAlertController.m */,
			);
			path = UIAlertController;
			sourceTree = "<group>";
		};
		D78243B625DAEECD00D3CED3 /* WebViewController */ = {
			isa = PBXGroup;
			children = (
				D78243B225DAEEC200D3CED3 /* WebViewController.h */,
				D78243B325DAEEC200D3CED3 /* WebViewController.m */,
			);
			path = WebViewController;
			sourceTree = "<group>";
		};
		D78243BC25DAF06100D3CED3 /* NSStringSubstring */ = {
			isa = PBXGroup;
			children = (
				D78243B825DAF05900D3CED3 /* NSString+GetSubstringFromDescription.h */,
				D78243B925DAF05900D3CED3 /* NSString+GetSubstringFromDescription.m */,
			);
			path = NSStringSubstring;
			sourceTree = "<group>";
		};
/* End PBXGroup section */

/* Begin PBXNativeTarget section */
		D723D9562562E2FE003DF465 /* RSSReader */ = {
			isa = PBXNativeTarget;
			buildConfigurationList = D723D9702562E304003DF465 /* Build configuration list for PBXNativeTarget "RSSReader" */;
			buildPhases = (
				D723D9532562E2FE003DF465 /* Sources */,
				D723D9542562E2FE003DF465 /* Frameworks */,
				D723D9552562E2FE003DF465 /* Resources */,
			);
			buildRules = (
			);
			dependencies = (
			);
			name = RSSReader;
			productName = RSSReader;
			productReference = D723D9572562E2FE003DF465 /* RSSReader.app */;
			productType = "com.apple.product-type.application";
		};
/* End PBXNativeTarget section */

/* Begin PBXProject section */
		D723D94F2562E2FE003DF465 /* Project object */ = {
			isa = PBXProject;
			attributes = {
				LastUpgradeCheck = 1220;
				TargetAttributes = {
					D723D9562562E2FE003DF465 = {
						CreatedOnToolsVersion = 12.2;
					};
				};
			};
			buildConfigurationList = D723D9522562E2FE003DF465 /* Build configuration list for PBXProject "RSSReader" */;
			compatibilityVersion = "Xcode 9.3";
			developmentRegion = en;
			hasScannedForEncodings = 0;
			knownRegions = (
				en,
				Base,
			);
			mainGroup = D723D94E2562E2FE003DF465;
			productRefGroup = D723D9582562E2FE003DF465 /* Products */;
			projectDirPath = "";
			projectRoot = "";
			targets = (
				D723D9562562E2FE003DF465 /* RSSReader */,
			);
		};
/* End PBXProject section */

/* Begin PBXResourcesBuildPhase section */
		D723D9552562E2FE003DF465 /* Resources */ = {
			isa = PBXResourcesBuildPhase;
			buildActionMask = 2147483647;
			files = (
				D723D96A2562E304003DF465 /* LaunchScreen.storyboard in Resources */,
				D73C3C8C25658A9A0097261C /* FeedTableViewCell.xib in Resources */,
				D789E13225640A2100AAE598 /* RSSReader.rtf in Resources */,
				D723D9672562E304003DF465 /* Assets.xcassets in Resources */,
				D76B96BA25B9DA130041E109 /* Localized.strings in Resources */,
			);
			runOnlyForDeploymentPostprocessing = 0;
		};
/* End PBXResourcesBuildPhase section */

/* Begin PBXSourcesBuildPhase section */
		D723D9532562E2FE003DF465 /* Sources */ = {
			isa = PBXSourcesBuildPhase;
			buildActionMask = 2147483647;
			files = (
				D73C3C8B25658A9A0097261C /* FeedTableViewCell.m in Sources */,
				D75B3110256D1A5B009910B2 /* NSString+DateFormatter.m in Sources */,
				D78243B425DAEEC200D3CED3 /* WebViewController.m in Sources */,
				D723D9AF2563C890003DF465 /* FeedListVC.m in Sources */,
				D7489EF925E42E5600E354A4 /* SelectedButtonsStateModel.m in Sources */,
				D76D7618257A5EB7002E355F /* UIAlertController+CreateAlertController.m in Sources */,
				D78243BA25DAF05900D3CED3 /* NSString+GetSubstringFromDescription.m in Sources */,
				D723D9B92563D2DC003DF465 /* Feeds.m in Sources */,
				D70D1266256666B700DE4ECF /* RSXmlParser.m in Sources */,
				D723D95C2562E2FE003DF465 /* AppDelegate.m in Sources */,
				D723D96D2562E304003DF465 /* main.m in Sources */,
				D756469825700E020074F03F /* NSXMLParser+SetDataWithDelegate.m in Sources */,
				D70D125725665CBC00DE4ECF /* FeedService.m in Sources */,
			);
			runOnlyForDeploymentPostprocessing = 0;
		};
/* End PBXSourcesBuildPhase section */

/* Begin PBXVariantGroup section */
		D723D9682562E304003DF465 /* LaunchScreen.storyboard */ = {
			isa = PBXVariantGroup;
			children = (
				D723D9692562E304003DF465 /* Base */,
			);
			name = LaunchScreen.storyboard;
			sourceTree = "<group>";
		};
/* End PBXVariantGroup section */

/* Begin XCBuildConfiguration section */
		D723D96E2562E304003DF465 /* Debug */ = {
			isa = XCBuildConfiguration;
			buildSettings = {
				ALWAYS_SEARCH_USER_PATHS = NO;
				CLANG_ANALYZER_NONNULL = YES;
				CLANG_ANALYZER_NUMBER_OBJECT_CONVERSION = YES_AGGRESSIVE;
				CLANG_CXX_LANGUAGE_STANDARD = "gnu++14";
				CLANG_CXX_LIBRARY = "libc++";
				CLANG_ENABLE_MODULES = YES;
				CLANG_ENABLE_OBJC_ARC = NO;
				CLANG_ENABLE_OBJC_WEAK = YES;
				CLANG_WARN_BLOCK_CAPTURE_AUTORELEASING = YES;
				CLANG_WARN_BOOL_CONVERSION = YES;
				CLANG_WARN_COMMA = YES;
				CLANG_WARN_CONSTANT_CONVERSION = YES;
				CLANG_WARN_DEPRECATED_OBJC_IMPLEMENTATIONS = YES;
				CLANG_WARN_DIRECT_OBJC_ISA_USAGE = YES_ERROR;
				CLANG_WARN_DOCUMENTATION_COMMENTS = YES;
				CLANG_WARN_EMPTY_BODY = YES;
				CLANG_WARN_ENUM_CONVERSION = YES;
				CLANG_WARN_INFINITE_RECURSION = YES;
				CLANG_WARN_INT_CONVERSION = YES;
				CLANG_WARN_NON_LITERAL_NULL_CONVERSION = YES;
				CLANG_WARN_OBJC_IMPLICIT_RETAIN_SELF = YES;
				CLANG_WARN_OBJC_LITERAL_CONVERSION = YES;
				CLANG_WARN_OBJC_ROOT_CLASS = YES_ERROR;
				CLANG_WARN_QUOTED_INCLUDE_IN_FRAMEWORK_HEADER = YES;
				CLANG_WARN_RANGE_LOOP_ANALYSIS = YES;
				CLANG_WARN_STRICT_PROTOTYPES = YES;
				CLANG_WARN_SUSPICIOUS_MOVE = YES;
				CLANG_WARN_UNGUARDED_AVAILABILITY = YES_AGGRESSIVE;
				CLANG_WARN_UNREACHABLE_CODE = YES;
				CLANG_WARN__DUPLICATE_METHOD_MATCH = YES;
				COPY_PHASE_STRIP = NO;
				DEBUG_INFORMATION_FORMAT = dwarf;
				ENABLE_STRICT_OBJC_MSGSEND = YES;
				ENABLE_TESTABILITY = YES;
				GCC_C_LANGUAGE_STANDARD = gnu11;
				GCC_DYNAMIC_NO_PIC = NO;
				GCC_NO_COMMON_BLOCKS = YES;
				GCC_OPTIMIZATION_LEVEL = 0;
				GCC_PREPROCESSOR_DEFINITIONS = (
					"DEBUG=1",
					"$(inherited)",
				);
				GCC_WARN_64_TO_32_BIT_CONVERSION = YES;
				GCC_WARN_ABOUT_RETURN_TYPE = YES_ERROR;
				GCC_WARN_UNDECLARED_SELECTOR = YES;
				GCC_WARN_UNINITIALIZED_AUTOS = YES_AGGRESSIVE;
				GCC_WARN_UNUSED_FUNCTION = YES;
				GCC_WARN_UNUSED_VARIABLE = YES;
				IPHONEOS_DEPLOYMENT_TARGET = 12.0;
				MTL_ENABLE_DEBUG_INFO = INCLUDE_SOURCE;
				MTL_FAST_MATH = YES;
				ONLY_ACTIVE_ARCH = YES;
				SDKROOT = iphoneos;
			};
			name = Debug;
		};
		D723D96F2562E304003DF465 /* Release */ = {
			isa = XCBuildConfiguration;
			buildSettings = {
				ALWAYS_SEARCH_USER_PATHS = NO;
				CLANG_ANALYZER_NONNULL = YES;
				CLANG_ANALYZER_NUMBER_OBJECT_CONVERSION = YES_AGGRESSIVE;
				CLANG_CXX_LANGUAGE_STANDARD = "gnu++14";
				CLANG_CXX_LIBRARY = "libc++";
				CLANG_ENABLE_MODULES = YES;
				CLANG_ENABLE_OBJC_ARC = NO;
				CLANG_ENABLE_OBJC_WEAK = YES;
				CLANG_WARN_BLOCK_CAPTURE_AUTORELEASING = YES;
				CLANG_WARN_BOOL_CONVERSION = YES;
				CLANG_WARN_COMMA = YES;
				CLANG_WARN_CONSTANT_CONVERSION = YES;
				CLANG_WARN_DEPRECATED_OBJC_IMPLEMENTATIONS = YES;
				CLANG_WARN_DIRECT_OBJC_ISA_USAGE = YES_ERROR;
				CLANG_WARN_DOCUMENTATION_COMMENTS = YES;
				CLANG_WARN_EMPTY_BODY = YES;
				CLANG_WARN_ENUM_CONVERSION = YES;
				CLANG_WARN_INFINITE_RECURSION = YES;
				CLANG_WARN_INT_CONVERSION = YES;
				CLANG_WARN_NON_LITERAL_NULL_CONVERSION = YES;
				CLANG_WARN_OBJC_IMPLICIT_RETAIN_SELF = YES;
				CLANG_WARN_OBJC_LITERAL_CONVERSION = YES;
				CLANG_WARN_OBJC_ROOT_CLASS = YES_ERROR;
				CLANG_WARN_QUOTED_INCLUDE_IN_FRAMEWORK_HEADER = YES;
				CLANG_WARN_RANGE_LOOP_ANALYSIS = YES;
				CLANG_WARN_STRICT_PROTOTYPES = YES;
				CLANG_WARN_SUSPICIOUS_MOVE = YES;
				CLANG_WARN_UNGUARDED_AVAILABILITY = YES_AGGRESSIVE;
				CLANG_WARN_UNREACHABLE_CODE = YES;
				CLANG_WARN__DUPLICATE_METHOD_MATCH = YES;
				COPY_PHASE_STRIP = NO;
				DEBUG_INFORMATION_FORMAT = "dwarf-with-dsym";
				ENABLE_NS_ASSERTIONS = NO;
				ENABLE_STRICT_OBJC_MSGSEND = YES;
				GCC_C_LANGUAGE_STANDARD = gnu11;
				GCC_NO_COMMON_BLOCKS = YES;
				GCC_WARN_64_TO_32_BIT_CONVERSION = YES;
				GCC_WARN_ABOUT_RETURN_TYPE = YES_ERROR;
				GCC_WARN_UNDECLARED_SELECTOR = YES;
				GCC_WARN_UNINITIALIZED_AUTOS = YES_AGGRESSIVE;
				GCC_WARN_UNUSED_FUNCTION = YES;
				GCC_WARN_UNUSED_VARIABLE = YES;
				IPHONEOS_DEPLOYMENT_TARGET = 12.0;
				MTL_ENABLE_DEBUG_INFO = NO;
				MTL_FAST_MATH = YES;
				SDKROOT = iphoneos;
				VALIDATE_PRODUCT = YES;
			};
			name = Release;
		};
		D723D9712562E304003DF465 /* Debug */ = {
			isa = XCBuildConfiguration;
			buildSettings = {
				ASSETCATALOG_COMPILER_APPICON_NAME = AppIcon;
				ASSETCATALOG_COMPILER_GLOBAL_ACCENT_COLOR_NAME = AccentColor;
				CODE_SIGN_STYLE = Automatic;
				DEVELOPMENT_TEAM = 3M25X6SA3H;
				INFOPLIST_FILE = "$(SRCROOT)/RSSReader/Support/Info.plist";
				IPHONEOS_DEPLOYMENT_TARGET = 12.0;
				LD_RUNPATH_SEARCH_PATHS = (
					"$(inherited)",
					"@executable_path/Frameworks",
				);
				PRODUCT_BUNDLE_IDENTIFIER = com.eduardivash.Test.RSSReader;
				PRODUCT_NAME = "$(TARGET_NAME)";
				TARGETED_DEVICE_FAMILY = "1,2";
			};
			name = Debug;
		};
		D723D9722562E304003DF465 /* Release */ = {
			isa = XCBuildConfiguration;
			buildSettings = {
				ASSETCATALOG_COMPILER_APPICON_NAME = AppIcon;
				ASSETCATALOG_COMPILER_GLOBAL_ACCENT_COLOR_NAME = AccentColor;
				CODE_SIGN_STYLE = Automatic;
				DEVELOPMENT_TEAM = 3M25X6SA3H;
				INFOPLIST_FILE = "$(SRCROOT)/RSSReader/Support/Info.plist";
				IPHONEOS_DEPLOYMENT_TARGET = 12.0;
				LD_RUNPATH_SEARCH_PATHS = (
					"$(inherited)",
					"@executable_path/Frameworks",
				);
				PRODUCT_BUNDLE_IDENTIFIER = com.eduardivash.Test.RSSReader;
				PRODUCT_NAME = "$(TARGET_NAME)";
				TARGETED_DEVICE_FAMILY = "1,2";
			};
			name = Release;
		};
/* End XCBuildConfiguration section */

/* Begin XCConfigurationList section */
		D723D9522562E2FE003DF465 /* Build configuration list for PBXProject "RSSReader" */ = {
			isa = XCConfigurationList;
			buildConfigurations = (
				D723D96E2562E304003DF465 /* Debug */,
				D723D96F2562E304003DF465 /* Release */,
			);
			defaultConfigurationIsVisible = 0;
			defaultConfigurationName = Release;
		};
		D723D9702562E304003DF465 /* Build configuration list for PBXNativeTarget "RSSReader" */ = {
			isa = XCConfigurationList;
			buildConfigurations = (
				D723D9712562E304003DF465 /* Debug */,
				D723D9722562E304003DF465 /* Release */,
			);
			defaultConfigurationIsVisible = 0;
			defaultConfigurationName = Release;
		};
/* End XCConfigurationList section */
	};
	rootObject = D723D94F2562E2FE003DF465 /* Project object */;
}
